github.com/fsnotify/fsnotify v1.6.0 h1:n+5WquG0fcWoWp6xPWfHdbskMCQaFnG6PfBrh1Ky4HY=
github.com/fsnotify/fsnotify v1.6.0/go.mod h1:sl3t1tCWJFWoRz9R8WJCbQihKKwmorjAbSClcnxKAGw=
github.com/go-zoox/chalk v1.0.2 h1:DCWft37fogmvqF37JdbGSLg28L/tQeA8u0lMvb62KOg=
github.com/go-zoox/chalk v1.0.2/go.mod h1:z5+qvE9nEJI5uT4px2tyoFa/xxkqf3CUo22KmXLKbNI=
github.com/go-zoox/datetime v1.1.1 h1:ORZbMuSLMW3KSV9dDaGf7iKL5XqYoIn9eQuK6QMeRDY=
github.com/go-zoox/datetime v1.1.1/go.mod h1:os6lYW/GXNpCIseFrBr8DNcOiPuwl5Ttc/kxo4JnMjw=
github.com/go-zoox/fs v1.3.3 h1:f/vnf5mQDsxOWC3KGKSUNblmrUwdu1U5Og9ISTblsRA=
github.com/go-zoox/fs v1.3.3/go.mod h1:sgsPVM/A1IAmUAhO/yyCAAKnkV6qSxToAj5G1gh4Tq8=
github.com/go-zoox/logger v1.4.0 h1:Zea9Pht0Y6VglifJhWB6KD9nLDqZ1QcsiSWI0iS4gCc=
github.com/go-zoox/logger v1.4.0/go.mod h1:o7ddvv/gMoMa0TomPhHoIz11ZWRbQ92pF6rwYbOY3iQ=
github.com/go-zoox/uuid v0.0.1 h1:txqmDavRTq68gzzqWfJQLorFyUp9a7M2lmq2KcwPGPA=
github.com/go-zoox/uuid v0.0.1/go.mod h1:0/F4LdfLqFdyqOf7aXoiYXRkXHU324JQ5DZEytXYBPM=
github.com/google/uuid v1.3.0 h1:t6JiXgmwXMjEs8VusXIJk2BXHsn+wx8BZdTaoZ5fu7I=
github.com/google/uuid v1.3.0/go.mod h1:TIyPZe4MgqvfeYDBFedMoGGpEw/LqOeaOT+nhxU+yHo=
golang.org/x/sys v0.0.0-20220908164124-27713097b956/go.mod h1:oPkhp1MJrh7nUepCBck5+mAzfO9JrbApNNgaTdGDITg=
golang.org/x/sys v0.4.0 h1:Zr2JFtRQNX3BCZ8YtxRE9hNJYC8J6I1MVbMg6owUp18=
golang.org/x/sys v0.4.0/go.mod h1:oPkhp1MJrh7nUepCBck5+mAzfO9JrbApNNgaTdGDITg=
